// !$*UTF8*$!
{
	archiveVersion = 1;
	classes = {
	};
	objectVersion = 46;
	objects = {

/* Begin PBXBuildFile section */
		1016A9B71BE88A460021A32F /* ImageViewController.m in Sources */ = {isa = PBXBuildFile; fileRef = 1016A9B61BE88A460021A32F /* ImageViewController.m */; };
		B7F0AB7B1BE877A8001E1D56 /* main.m in Sources */ = {isa = PBXBuildFile; fileRef = B7F0AB7A1BE877A8001E1D56 /* main.m */; };
		B7F0AB7E1BE877A8001E1D56 /* AppDelegate.m in Sources */ = {isa = PBXBuildFile; fileRef = B7F0AB7D1BE877A8001E1D56 /* AppDelegate.m */; };
		B7F0AB811BE877A8001E1D56 /* ImagePicker.xcdatamodeld in Sources */ = {isa = PBXBuildFile; fileRef = B7F0AB7F1BE877A8001E1D56 /* ImagePicker.xcdatamodeld */; };
		B7F0AB841BE877A8001E1D56 /* ViewController.m in Sources */ = {isa = PBXBuildFile; fileRef = B7F0AB831BE877A8001E1D56 /* ViewController.m */; };
		B7F0AB871BE877A8001E1D56 /* Main.storyboard in Resources */ = {isa = PBXBuildFile; fileRef = B7F0AB851BE877A8001E1D56 /* Main.storyboard */; };
		B7F0AB891BE877A8001E1D56 /* Images.xcassets in Resources */ = {isa = PBXBuildFile; fileRef = B7F0AB881BE877A8001E1D56 /* Images.xcassets */; };
		B7F0AB8C1BE877A8001E1D56 /* LaunchScreen.xib in Resources */ = {isa = PBXBuildFile; fileRef = B7F0AB8A1BE877A8001E1D56 /* LaunchScreen.xib */; };
		B7F0AB981BE877A8001E1D56 /* ImagePickerTests.m in Sources */ = {isa = PBXBuildFile; fileRef = B7F0AB971BE877A8001E1D56 /* ImagePickerTests.m */; };
/* End PBXBuildFile section */

/* Begin PBXContainerItemProxy section */
		B7F0AB921BE877A8001E1D56 /* PBXContainerItemProxy */ = {
			isa = PBXContainerItemProxy;
			containerPortal = B7F0AB6D1BE877A8001E1D56 /* Project object */;
			proxyType = 1;
			remoteGlobalIDString = B7F0AB741BE877A8001E1D56;
			remoteInfo = ImagePicker;
		};
/* End PBXContainerItemProxy section */

/* Begin PBXFileReference section */
		1016A9B51BE88A460021A32F /* ImageViewController.h */ = {isa = PBXFileReference; fileEncoding = 4; lastKnownFileType = sourcecode.c.h; path = ImageViewController.h; sourceTree = "<group>"; };
		1016A9B61BE88A460021A32F /* ImageViewController.m */ = {isa = PBXFileReference; fileEncoding = 4; lastKnownFileType = sourcecode.c.objc; path = ImageViewController.m; sourceTree = "<group>"; };
		B7F0AB751BE877A8001E1D56 /* ImagePicker.app */ = {isa = PBXFileReference; explicitFileType = wrapper.application; includeInIndex = 0; path = ImagePicker.app; sourceTree = BUILT_PRODUCTS_DIR; };
		B7F0AB791BE877A8001E1D56 /* Info.plist */ = {isa = PBXFileReference; lastKnownFileType = text.plist.xml; path = Info.plist; sourceTree = "<group>"; };
		B7F0AB7A1BE877A8001E1D56 /* main.m */ = {isa = PBXFileReference; lastKnownFileType = sourcecode.c.objc; path = main.m; sourceTree = "<group>"; };
		B7F0AB7C1BE877A8001E1D56 /* AppDelegate.h */ = {isa = PBXFileReference; lastKnownFileType = sourcecode.c.h; path = AppDelegate.h; sourceTree = "<group>"; };
		B7F0AB7D1BE877A8001E1D56 /* AppDelegate.m */ = {isa = PBXFileReference; lastKnownFileType = sourcecode.c.objc; path = AppDelegate.m; sourceTree = "<group>"; };
		B7F0AB801BE877A8001E1D56 /* ImagePicker.xcdatamodel */ = {isa = PBXFileReference; lastKnownFileType = wrapper.xcdatamodel; path = ImagePicker.xcdatamodel; sourceTree = "<group>"; };
		B7F0AB821BE877A8001E1D56 /* ViewController.h */ = {isa = PBXFileReference; lastKnownFileType = sourcecode.c.h; path = ViewController.h; sourceTree = "<group>"; };
		B7F0AB831BE877A8001E1D56 /* ViewController.m */ = {isa = PBXFileReference; lastKnownFileType = sourcecode.c.objc; path = ViewController.m; sourceTree = "<group>"; };
		B7F0AB861BE877A8001E1D56 /* Base */ = {isa = PBXFileReference; lastKnownFileType = file.storyboard; name = Base; path = Base.lproj/Main.storyboard; sourceTree = "<group>"; };
		B7F0AB881BE877A8001E1D56 /* Images.xcassets */ = {isa = PBXFileReference; lastKnownFileType = folder.assetcatalog; path = Images.xcassets; sourceTree = "<group>"; };
		B7F0AB8B1BE877A8001E1D56 /* Base */ = {isa = PBXFileReference; lastKnownFileType = file.xib; name = Base; path = Base.lproj/LaunchScreen.xib; sourceTree = "<group>"; };
		B7F0AB911BE877A8001E1D56 /* ImagePickerTests.xctest */ = {isa = PBXFileReference; explicitFileType = wrapper.cfbundle; includeInIndex = 0; path = ImagePickerTests.xctest; sourceTree = BUILT_PRODUCTS_DIR; };
		B7F0AB961BE877A8001E1D56 /* Info.plist */ = {isa = PBXFileReference; lastKnownFileType = text.plist.xml; path = Info.plist; sourceTree = "<group>"; };
		B7F0AB971BE877A8001E1D56 /* ImagePickerTests.m */ = {isa = PBXFileReference; lastKnownFileType = sourcecode.c.objc; path = ImagePickerTests.m; sourceTree = "<group>"; };
/* End PBXFileReference section */

/* Begin PBXFrameworksBuildPhase section */
		B7F0AB721BE877A8001E1D56 /* Frameworks */ = {
			isa = PBXFrameworksBuildPhase;
			buildActionMask = 2147483647;
			files = (
			);
			runOnlyForDeploymentPostprocessing = 0;
		};
		B7F0AB8E1BE877A8001E1D56 /* Frameworks */ = {
			isa = PBXFrameworksBuildPhase;
			buildActionMask = 2147483647;
			files = (
			);
			runOnlyForDeploymentPostprocessing = 0;
		};
/* End PBXFrameworksBuildPhase section */

/* Begin PBXGroup section */
		B7F0AB6C1BE877A8001E1D56 = {
			isa = PBXGroup;
			children = (
				B7F0AB771BE877A8001E1D56 /* ImagePicker */,
				B7F0AB941BE877A8001E1D56 /* ImagePickerTests */,
				B7F0AB761BE877A8001E1D56 /* Products */,
			);
			sourceTree = "<group>";
		};
		B7F0AB761BE877A8001E1D56 /* Products */ = {
			isa = PBXGroup;
			children = (
				B7F0AB751BE877A8001E1D56 /* ImagePicker.app */,
				B7F0AB911BE877A8001E1D56 /* ImagePickerTests.xctest */,
			);
			name = Products;
			sourceTree = "<group>";
		};
		B7F0AB771BE877A8001E1D56 /* ImagePicker */ = {
			isa = PBXGroup;
			children = (
				B7F0AB7C1BE877A8001E1D56 /* AppDelegate.h */,
				B7F0AB7D1BE877A8001E1D56 /* AppDelegate.m */,
				B7F0AB821BE877A8001E1D56 /* ViewController.h */,
				B7F0AB831BE877A8001E1D56 /* ViewController.m */,
				B7F0AB851BE877A8001E1D56 /* Main.storyboard */,
				1016A9B51BE88A460021A32F /* ImageViewController.h */,
				1016A9B61BE88A460021A32F /* ImageViewController.m */,
				B7F0AB881BE877A8001E1D56 /* Images.xcassets */,
				B7F0AB8A1BE877A8001E1D56 /* LaunchScreen.xib */,
				B7F0AB7F1BE877A8001E1D56 /* ImagePicker.xcdatamodeld */,
				B7F0AB781BE877A8001E1D56 /* Supporting Files */,
			);
			path = ImagePicker;
			sourceTree = "<group>";
		};
		B7F0AB781BE877A8001E1D56 /* Supporting Files */ = {
			isa = PBXGroup;
			children = (
				B7F0AB791BE877A8001E1D56 /* Info.plist */,
				B7F0AB7A1BE877A8001E1D56 /* main.m */,
			);
			name = "Supporting Files";
			sourceTree = "<group>";
		};
		B7F0AB941BE877A8001E1D56 /* ImagePickerTests */ = {
			isa = PBXGroup;
			children = (
				B7F0AB971BE877A8001E1D56 /* ImagePickerTests.m */,
				B7F0AB951BE877A8001E1D56 /* Supporting Files */,
			);
			path = ImagePickerTests;
			sourceTree = "<group>";
		};
		B7F0AB951BE877A8001E1D56 /* Supporting Files */ = {
			isa = PBXGroup;
			children = (
				B7F0AB961BE877A8001E1D56 /* Info.plist */,
			);
			name = "Supporting Files";
			sourceTree = "<group>";
		};
/* End PBXGroup section */

/* Begin PBXNativeTarget section */
		B7F0AB741BE877A8001E1D56 /* ImagePicker */ = {
			isa = PBXNativeTarget;
			buildConfigurationList = B7F0AB9B1BE877A8001E1D56 /* Build configuration list for PBXNativeTarget "ImagePicker" */;
			buildPhases = (
				B7F0AB711BE877A8001E1D56 /* Sources */,
				B7F0AB721BE877A8001E1D56 /* Frameworks */,
				B7F0AB731BE877A8001E1D56 /* Resources */,
			);
			buildRules = (
			);
			dependencies = (
			);
			name = ImagePicker;
			productName = ImagePicker;
			productReference = B7F0AB751BE877A8001E1D56 /* ImagePicker.app */;
			productType = "com.apple.product-type.application";
		};
		B7F0AB901BE877A8001E1D56 /* ImagePickerTests */ = {
			isa = PBXNativeTarget;
			buildConfigurationList = B7F0AB9E1BE877A8001E1D56 /* Build configuration list for PBXNativeTarget "ImagePickerTests" */;
			buildPhases = (
				B7F0AB8D1BE877A8001E1D56 /* Sources */,
				B7F0AB8E1BE877A8001E1D56 /* Frameworks */,
				B7F0AB8F1BE877A8001E1D56 /* Resources */,
			);
			buildRules = (
			);
			dependencies = (
				B7F0AB931BE877A8001E1D56 /* PBXTargetDependency */,
			);
			name = ImagePickerTests;
			productName = ImagePickerTests;
			productReference = B7F0AB911BE877A8001E1D56 /* ImagePickerTests.xctest */;
			productType = "com.apple.product-type.bundle.unit-test";
		};
/* End PBXNativeTarget section */

/* Begin PBXProject section */
		B7F0AB6D1BE877A8001E1D56 /* Project object */ = {
			isa = PBXProject;
			attributes = {
				LastUpgradeCheck = 0610;
				ORGANIZATIONNAME = PayBlox;
				TargetAttributes = {
					B7F0AB741BE877A8001E1D56 = {
						CreatedOnToolsVersion = 6.1;
					};
					B7F0AB901BE877A8001E1D56 = {
						CreatedOnToolsVersion = 6.1;
						TestTargetID = B7F0AB741BE877A8001E1D56;
					};
				};
			};
			buildConfigurationList = B7F0AB701BE877A8001E1D56 /* Build configuration list for PBXProject "ImagePicker" */;
			compatibilityVersion = "Xcode 3.2";
			developmentRegion = English;
			hasScannedForEncodings = 0;
			knownRegions = (
				en,
				Base,
			);
			mainGroup = B7F0AB6C1BE877A8001E1D56;
			productRefGroup = B7F0AB761BE877A8001E1D56 /* Products */;
			projectDirPath = "";
			projectRoot = "";
			targets = (
				B7F0AB741BE877A8001E1D56 /* ImagePicker */,
				B7F0AB901BE877A8001E1D56 /* ImagePickerTests */,
			);
		};
/* End PBXProject section */

/* Begin PBXResourcesBuildPhase section */
		B7F0AB731BE877A8001E1D56 /* Resources */ = {
			isa = PBXResourcesBuildPhase;
			buildActionMask = 2147483647;
			files = (
				B7F0AB871BE877A8001E1D56 /* Main.storyboard in Resources */,
				B7F0AB8C1BE877A8001E1D56 /* LaunchScreen.xib in Resources */,
				B7F0AB891BE877A8001E1D56 /* Images.xcassets in Resources */,
			);
			runOnlyForDeploymentPostprocessing = 0;
		};
		B7F0AB8F1BE877A8001E1D56 /* Resources */ = {
			isa = PBXResourcesBuildPhase;
			buildActionMask = 2147483647;
			files = (
			);
			runOnlyForDeploymentPostprocessing = 0;
		};
/* End PBXResourcesBuildPhase section */

/* Begin PBXSourcesBuildPhase section */
		B7F0AB711BE877A8001E1D56 /* Sources */ = {
			isa = PBXSourcesBuildPhase;
			buildActionMask = 2147483647;
			files = (
				1016A9B71BE88A460021A32F /* ImageViewController.m in Sources */,
				B7F0AB7E1BE877A8001E1D56 /* AppDelegate.m in Sources */,
				B7F0AB7B1BE877A8001E1D56 /* main.m in Sources */,
				B7F0AB841BE877A8001E1D56 /* ViewController.m in Sources */,
				B7F0AB811BE877A8001E1D56 /* ImagePicker.xcdatamodeld in Sources */,
			);
			runOnlyForDeploymentPostprocessing = 0;
		};
		B7F0AB8D1BE877A8001E1D56 /* Sources */ = {
			isa = PBXSourcesBuildPhase;
			buildActionMask = 2147483647;
			files = (
				B7F0AB981BE877A8001E1D56 /* ImagePickerTests.m in Sources */,
			);
			runOnlyForDeploymentPostprocessing = 0;
		};
/* End PBXSourcesBuildPhase section */

/* Begin PBXTargetDependency section */
		B7F0AB931BE877A8001E1D56 /* PBXTargetDependency */ = {
			isa = PBXTargetDependency;
			target = B7F0AB741BE877A8001E1D56 /* ImagePicker */;
			targetProxy = B7F0AB921BE877A8001E1D56 /* PBXContainerItemProxy */;
		};
/* End PBXTargetDependency section */

/* Begin PBXVariantGroup section */
		B7F0AB851BE877A8001E1D56 /* Main.storyboard */ = {
			isa = PBXVariantGroup;
			children = (
				B7F0AB861BE877A8001E1D56 /* Base */,
			);
			name = Main.storyboard;
			sourceTree = "<group>";
		};
		B7F0AB8A1BE877A8001E1D56 /* LaunchScreen.xib */ = {
			isa = PBXVariantGroup;
			children = (
				B7F0AB8B1BE877A8001E1D56 /* Base */,
			);
			name = LaunchScreen.xib;
			sourceTree = "<group>";
		};
/* End PBXVariantGroup section */

/* Begin XCBuildConfiguration section */
		B7F0AB991BE877A8001E1D56 /* Debug */ = {
			isa = XCBuildConfiguration;
			buildSettings = {
				ALWAYS_SEARCH_USER_PATHS = NO;
				CLANG_CXX_LANGUAGE_STANDARD = "gnu++0x";
				CLANG_CXX_LIBRARY = "libc++";
				CLANG_ENABLE_MODULES = YES;
				CLANG_ENABLE_OBJC_ARC = YES;
				CLANG_WARN_BOOL_CONVERSION = YES;
				CLANG_WARN_CONSTANT_CONVERSION = YES;
				CLANG_WARN_DIRECT_OBJC_ISA_USAGE = YES_ERROR;
				CLANG_WARN_EMPTY_BODY = YES;
				CLANG_WARN_ENUM_CONVERSION = YES;
				CLANG_WARN_INT_CONVERSION = YES;
				CLANG_WARN_OBJC_ROOT_CLASS = YES_ERROR;
				CLANG_WARN_UNREACHABLE_CODE = YES;
				CLANG_WARN__DUPLICATE_METHOD_MATCH = YES;
				"CODE_SIGN_IDENTITY[sdk=iphoneos*]" = "iPhone Developer";
				COPY_PHASE_STRIP = NO;
				ENABLE_STRICT_OBJC_MSGSEND = YES;
				GCC_C_LANGUAGE_STANDARD = gnu99;
				GCC_DYNAMIC_NO_PIC = NO;
				GCC_OPTIMIZATION_LEVEL = 0;
				GCC_PREPROCESSOR_DEFINITIONS = (
					"DEBUG=1",
					"$(inherited)",
				);
				GCC_SYMBOLS_PRIVATE_EXTERN = NO;
				GCC_WARN_64_TO_32_BIT_CONVERSION = YES;
				GCC_WARN_ABOUT_RETURN_TYPE = YES_ERROR;
				GCC_WARN_UNDECLARED_SELECTOR = YES;
				GCC_WARN_UNINITIALIZED_AUTOS = YES_AGGRESSIVE;
				GCC_WARN_UNUSED_FUNCTION = YES;
				GCC_WARN_UNUSED_VARIABLE = YES;
				IPHONEOS_DEPLOYMENT_TARGET = 8.1;
				MTL_ENABLE_DEBUG_INFO = YES;
				ONLY_ACTIVE_ARCH = YES;
				SDKROOT = iphoneos;
				TARGETED_DEVICE_FAMILY = "1,2";
			};
			name = Debug;
		};
		B7F0AB9A1BE877A8001E1D56 /* Release */ = {
			isa = XCBuildConfiguration;
			buildSettings = {
				ALWAYS_SEARCH_USER_PATHS = NO;
				CLANG_CXX_LANGUAGE_STANDARD = "gnu++0x";
				CLANG_CXX_LIBRARY = "libc++";
				CLANG_ENABLE_MODULES = YES;
				CLANG_ENABLE_OBJC_ARC = YES;
				CLANG_WARN_BOOL_CONVERSION = YES;
				CLANG_WARN_CONSTANT_CONVERSION = YES;
				CLANG_WARN_DIRECT_OBJC_ISA_USAGE = YES_ERROR;
				CLANG_WARN_EMPTY_BODY = YES;
				CLANG_WARN_ENUM_CONVERSION = YES;
				CLANG_WARN_INT_CONVERSION = YES;
				CLANG_WARN_OBJC_ROOT_CLASS = YES_ERROR;
				CLANG_WARN_UNREACHABLE_CODE = YES;
				CLANG_WARN__DUPLICATE_METHOD_MATCH = YES;
				"CODE_SIGN_IDENTITY[sdk=iphoneos*]" = "iPhone Developer";
				COPY_PHASE_STRIP = YES;
				ENABLE_NS_ASSERTIONS = NO;
				ENABLE_STRICT_OBJC_MSGSEND = YES;
				GCC_C_LANGUAGE_STANDARD = gnu99;
				GCC_WARN_64_TO_32_BIT_CONVERSION = YES;
				GCC_WARN_ABOUT_RETURN_TYPE = YES_ERROR;
				GCC_WARN_UNDECLARED_SELECTOR = YES;
				GCC_WARN_UNINITIALIZED_AUTOS = YES_AGGRESSIVE;
				GCC_WARN_UNUSED_FUNCTION = YES;
				GCC_WARN_UNUSED_VARIABLE = YES;
				IPHONEOS_DEPLOYMENT_TARGET = 8.1;
				MTL_ENABLE_DEBUG_INFO = NO;
				SDKROOT = iphoneos;
				TARGETED_DEVICE_FAMILY = "1,2";
				VALIDATE_PRODUCT = YES;
			};
			name = Release;
		};
		B7F0AB9C1BE877A8001E1D56 /* Debug */ = {
			isa = XCBuildConfiguration;
			buildSettings = {
				ASSETCATALOG_COMPILER_APPICON_NAME = AppIcon;
				INFOPLIST_FILE = ImagePicker/Info.plist;
				IPHONEOS_DEPLOYMENT_TARGET = 6.0;
				LD_RUNPATH_SEARCH_PATHS = "$(inherited) @executable_path/Frameworks";
				PRODUCT_NAME = "$(TARGET_NAME)";
			};
			name = Debug;
		};
		B7F0AB9D1BE877A8001E1D56 /* Release */ = {
			isa = XCBuildConfiguration;
			buildSettings = {
				ASSETCATALOG_COMPILER_APPICON_NAME = AppIcon;
				INFOPLIST_FILE = ImagePicker/Info.plist;
				IPHONEOS_DEPLOYMENT_TARGET = 6.0;
				LD_RUNPATH_SEARCH_PATHS = "$(inherited) @executable_path/Frameworks";
				PRODUCT_NAME = "$(TARGET_NAME)";
			};
			name = Release;
		};
		B7F0AB9F1BE877A8001E1D56 /* Debug */ = {
			isa = XCBuildConfiguration;
			buildSettings = {
				BUNDLE_LOADER = "$(TEST_HOST)";
				FRAMEWORK_SEARCH_PATHS = (
					"$(SDKROOT)/Developer/Library/Frameworks",
					"$(inherited)",
				);
				GCC_PREPROCESSOR_DEFINITIONS = (
					"DEBUG=1",
					"$(inherited)",
				);
				INFOPLIST_FILE = ImagePickerTests/Info.plist;
				LD_RUNPATH_SEARCH_PATHS = "$(inherited) @executable_path/Frameworks @loader_path/Frameworks";
				PRODUCT_NAME = "$(TARGET_NAME)";
				TEST_HOST = "$(BUILT_PRODUCTS_DIR)/ImagePicker.app/ImagePicker";
			};
			name = Debug;
		};
		B7F0ABA01BE877A8001E1D56 /* Release */ = {
			isa = XCBuildConfiguration;
			buildSettings = {
				BUNDLE_LOADER = "$(TEST_HOST)";
				FRAMEWORK_SEARCH_PATHS = (
					"$(SDKROOT)/Developer/Library/Frameworks",
					"$(inherited)",
				);
				INFOPLIST_FILE = ImagePickerTests/Info.plist;
				LD_RUNPATH_SEARCH_PATHS = "$(inherited) @executable_path/Frameworks @loader_path/Frameworks";
				PRODUCT_NAME = "$(TARGET_NAME)";
				TEST_HOST = "$(BUILT_PRODUCTS_DIR)/ImagePicker.app/ImagePicker";
			};
			name = Release;
		};
/* End XCBuildConfiguration section */

/* Begin XCConfigurationList section */
		B7F0AB701BE877A8001E1D56 /* Build configuration list for PBXProject "ImagePicker" */ = {
			isa = XCConfigurationList;
			buildConfigurations = (
				B7F0AB991BE877A8001E1D56 /* Debug */,
				B7F0AB9A1BE877A8001E1D56 /* Release */,
			);
			defaultConfigurationIsVisible = 0;
			defaultConfigurationName = Release;
		};
		B7F0AB9B1BE877A8001E1D56 /* Build configuration list for PBXNativeTarget "ImagePicker" */ = {
			isa = XCConfigurationList;
			buildConfigurations = (
				B7F0AB9C1BE877A8001E1D56 /* Debug */,
				B7F0AB9D1BE877A8001E1D56 /* Release */,
			);
			defaultConfigurationIsVisible = 0;
			defaultConfigurationName = Release;
		};
		B7F0AB9E1BE877A8001E1D56 /* Build configuration list for PBXNativeTarget "ImagePickerTests" */ = {
			isa = XCConfigurationList;
			buildConfigurations = (
				B7F0AB9F1BE877A8001E1D56 /* Debug */,
				B7F0ABA01BE877A8001E1D56 /* Release */,
			);
			defaultConfigurationIsVisible = 0;
			defaultConfigurationName = Release;
		};
/* End XCConfigurationList section */

/* Begin XCVersionGroup section */
		B7F0AB7F1BE877A8001E1D56 /* ImagePicker.xcdatamodeld */ = {
			isa = XCVersionGroup;
			children = (
				B7F0AB801BE877A8001E1D56 /* ImagePicker.xcdatamodel */,
			);
			currentVersion = B7F0AB801BE877A8001E1D56 /* ImagePicker.xcdatamodel */;
			path = ImagePicker.xcdatamodeld;
			sourceTree = "<group>";
			versionGroupType = wrapper.xcdatamodel;
		};
/* End XCVersionGroup section */
	};
	rootObject = B7F0AB6D1BE877A8001E1D56 /* Project object */;
}
